// !$*UTF8*$!
{
	archiveVersion = 1;
	classes = {
	};
	objectVersion = 48;
	objects = {

/* Begin PBXBuildFile section */
		187070AD1FF05D41005F2E76 /* AppDelegate.swift in Sources */ = {isa = PBXBuildFile; fileRef = 187070AC1FF05D41005F2E76 /* AppDelegate.swift */; };
		187070B11FF05D41005F2E76 /* Assets.xcassets in Resources */ = {isa = PBXBuildFile; fileRef = 187070B01FF05D41005F2E76 /* Assets.xcassets */; };
		187070B41FF05D41005F2E76 /* Main.storyboard in Resources */ = {isa = PBXBuildFile; fileRef = 187070B21FF05D41005F2E76 /* Main.storyboard */; };
		187070C01FF05F34005F2E76 /* ToolbarVC.swift in Sources */ = {isa = PBXBuildFile; fileRef = 187070BF1FF05F34005F2E76 /* ToolbarVC.swift */; };
		187070C21FF05F47005F2E76 /* ChannelVC.swift in Sources */ = {isa = PBXBuildFile; fileRef = 187070C11FF05F47005F2E76 /* ChannelVC.swift */; };
		187070C41FF05F56005F2E76 /* ChatVC.swift in Sources */ = {isa = PBXBuildFile; fileRef = 187070C31FF05F56005F2E76 /* ChatVC.swift */; };
		187070C61FF065C8005F2E76 /* MainWindowController.swift in Sources */ = {isa = PBXBuildFile; fileRef = 187070C51FF065C8005F2E76 /* MainWindowController.swift */; };
		187070C91FF06670005F2E76 /* Constants.swift in Sources */ = {isa = PBXBuildFile; fileRef = 187070C81FF06670005F2E76 /* Constants.swift */; };
		18A8A4B01FF2749C00762278 /* ClickBlockingView.swift in Sources */ = {isa = PBXBuildFile; fileRef = 18A8A4AF1FF2749C00762278 /* ClickBlockingView.swift */; };
		18A8A4B31FF2865D00762278 /* ModalLogin.xib in Resources */ = {isa = PBXBuildFile; fileRef = 18A8A4B21FF2865D00762278 /* ModalLogin.xib */; };
		18A8A4B51FF2868F00762278 /* ModalLogin.swift in Sources */ = {isa = PBXBuildFile; fileRef = 18A8A4B41FF2868F00762278 /* ModalLogin.swift */; };
		18D23EE71FF1B10B00229153 /* NSButton.swift in Sources */ = {isa = PBXBuildFile; fileRef = 18D23EE61FF1B10B00229153 /* NSButton.swift */; };
/* End PBXBuildFile section */

/* Begin PBXFileReference section */
		187070A91FF05D41005F2E76 /* MacChat.app */ = {isa = PBXFileReference; explicitFileType = wrapper.application; includeInIndex = 0; path = MacChat.app; sourceTree = BUILT_PRODUCTS_DIR; };
		187070AC1FF05D41005F2E76 /* AppDelegate.swift */ = {isa = PBXFileReference; lastKnownFileType = sourcecode.swift; path = AppDelegate.swift; sourceTree = "<group>"; };
		187070B01FF05D41005F2E76 /* Assets.xcassets */ = {isa = PBXFileReference; lastKnownFileType = folder.assetcatalog; path = Assets.xcassets; sourceTree = "<group>"; };
		187070B31FF05D41005F2E76 /* Base */ = {isa = PBXFileReference; lastKnownFileType = file.storyboard; name = Base; path = Base.lproj/Main.storyboard; sourceTree = "<group>"; };
		187070B51FF05D41005F2E76 /* Info.plist */ = {isa = PBXFileReference; lastKnownFileType = text.plist.xml; path = Info.plist; sourceTree = "<group>"; };
		187070B61FF05D41005F2E76 /* MacChat.entitlements */ = {isa = PBXFileReference; lastKnownFileType = text.plist.entitlements; path = MacChat.entitlements; sourceTree = "<group>"; };
		187070BF1FF05F34005F2E76 /* ToolbarVC.swift */ = {isa = PBXFileReference; lastKnownFileType = sourcecode.swift; path = ToolbarVC.swift; sourceTree = "<group>"; };
		187070C11FF05F47005F2E76 /* ChannelVC.swift */ = {isa = PBXFileReference; lastKnownFileType = sourcecode.swift; path = ChannelVC.swift; sourceTree = "<group>"; };
		187070C31FF05F56005F2E76 /* ChatVC.swift */ = {isa = PBXFileReference; lastKnownFileType = sourcecode.swift; path = ChatVC.swift; sourceTree = "<group>"; };
		187070C51FF065C8005F2E76 /* MainWindowController.swift */ = {isa = PBXFileReference; lastKnownFileType = sourcecode.swift; path = MainWindowController.swift; sourceTree = "<group>"; };
		187070C81FF06670005F2E76 /* Constants.swift */ = {isa = PBXFileReference; lastKnownFileType = sourcecode.swift; path = Constants.swift; sourceTree = "<group>"; };
		18A8A4AF1FF2749C00762278 /* ClickBlockingView.swift */ = {isa = PBXFileReference; lastKnownFileType = sourcecode.swift; path = ClickBlockingView.swift; sourceTree = "<group>"; };
		18A8A4B21FF2865D00762278 /* ModalLogin.xib */ = {isa = PBXFileReference; lastKnownFileType = file.xib; path = ModalLogin.xib; sourceTree = "<group>"; };
		18A8A4B41FF2868F00762278 /* ModalLogin.swift */ = {isa = PBXFileReference; lastKnownFileType = sourcecode.swift; path = ModalLogin.swift; sourceTree = "<group>"; };
		18D23EE61FF1B10B00229153 /* NSButton.swift */ = {isa = PBXFileReference; lastKnownFileType = sourcecode.swift; path = NSButton.swift; sourceTree = "<group>"; };
/* End PBXFileReference section */

/* Begin PBXFrameworksBuildPhase section */
		187070A61FF05D41005F2E76 /* Frameworks */ = {
			isa = PBXFrameworksBuildPhase;
			buildActionMask = 2147483647;
			files = (
			);
			runOnlyForDeploymentPostprocessing = 0;
		};
/* End PBXFrameworksBuildPhase section */

/* Begin PBXGroup section */
		187070A01FF05D41005F2E76 = {
			isa = PBXGroup;
			children = (
				187070AB1FF05D41005F2E76 /* MacChat */,
				187070AA1FF05D41005F2E76 /* Products */,
			);
			sourceTree = "<group>";
		};
		187070AA1FF05D41005F2E76 /* Products */ = {
			isa = PBXGroup;
			children = (
				187070A91FF05D41005F2E76 /* MacChat.app */,
			);
			name = Products;
			sourceTree = "<group>";
		};
		187070AB1FF05D41005F2E76 /* MacChat */ = {
			isa = PBXGroup;
			children = (
				18A8A4B11FF2864300762278 /* Xibs */,
				187070C71FF06657005F2E76 /* Utilities */,
				187070BE1FF05F10005F2E76 /* Model */,
				187070BD1FF05F0B005F2E76 /* View */,
				187070BC1FF05F03005F2E76 /* Controller */,
				187070AC1FF05D41005F2E76 /* AppDelegate.swift */,
				187070B01FF05D41005F2E76 /* Assets.xcassets */,
				187070B21FF05D41005F2E76 /* Main.storyboard */,
				187070B51FF05D41005F2E76 /* Info.plist */,
				187070B61FF05D41005F2E76 /* MacChat.entitlements */,
			);
			path = MacChat;
			sourceTree = "<group>";
		};
		187070BC1FF05F03005F2E76 /* Controller */ = {
			isa = PBXGroup;
			children = (
				187070BF1FF05F34005F2E76 /* ToolbarVC.swift */,
				187070C11FF05F47005F2E76 /* ChannelVC.swift */,
				187070C31FF05F56005F2E76 /* ChatVC.swift */,
				187070C51FF065C8005F2E76 /* MainWindowController.swift */,
			);
			path = Controller;
			sourceTree = "<group>";
		};
		187070BD1FF05F0B005F2E76 /* View */ = {
			isa = PBXGroup;
			children = (
				18A8A4AF1FF2749C00762278 /* ClickBlockingView.swift */,
				18A8A4B41FF2868F00762278 /* ModalLogin.swift */,
			);
			path = View;
			sourceTree = "<group>";
		};
		187070BE1FF05F10005F2E76 /* Model */ = {
			isa = PBXGroup;
			children = (
			);
			path = Model;
			sourceTree = "<group>";
		};
		187070C71FF06657005F2E76 /* Utilities */ = {
			isa = PBXGroup;
			children = (
				187070C81FF06670005F2E76 /* Constants.swift */,
				18D23EE61FF1B10B00229153 /* NSButton.swift */,
			);
			path = Utilities;
			sourceTree = "<group>";
		};
		18A8A4B11FF2864300762278 /* Xibs */ = {
			isa = PBXGroup;
			children = (
				18A8A4B21FF2865D00762278 /* ModalLogin.xib */,
			);
			path = Xibs;
			sourceTree = "<group>";
		};
/* End PBXGroup section */

/* Begin PBXNativeTarget section */
		187070A81FF05D41005F2E76 /* MacChat */ = {
			isa = PBXNativeTarget;
			buildConfigurationList = 187070B91FF05D41005F2E76 /* Build configuration list for PBXNativeTarget "MacChat" */;
			buildPhases = (
				187070A51FF05D41005F2E76 /* Sources */,
				187070A61FF05D41005F2E76 /* Frameworks */,
				187070A71FF05D41005F2E76 /* Resources */,
			);
			buildRules = (
			);
			dependencies = (
			);
			name = MacChat;
			productName = MacChat;
			productReference = 187070A91FF05D41005F2E76 /* MacChat.app */;
			productType = "com.apple.product-type.application";
		};
/* End PBXNativeTarget section */

/* Begin PBXProject section */
		187070A11FF05D41005F2E76 /* Project object */ = {
			isa = PBXProject;
			attributes = {
				LastSwiftUpdateCheck = 0920;
				LastUpgradeCheck = 0920;
				ORGANIZATIONNAME = "Russell Brown";
				TargetAttributes = {
					187070A81FF05D41005F2E76 = {
						CreatedOnToolsVersion = 9.2;
						ProvisioningStyle = Automatic;
					};
				};
			};
			buildConfigurationList = 187070A41FF05D41005F2E76 /* Build configuration list for PBXProject "MacChat" */;
			compatibilityVersion = "Xcode 8.0";
			developmentRegion = en;
			hasScannedForEncodings = 0;
			knownRegions = (
				en,
				Base,
			);
			mainGroup = 187070A01FF05D41005F2E76;
			productRefGroup = 187070AA1FF05D41005F2E76 /* Products */;
			projectDirPath = "";
			projectRoot = "";
			targets = (
				187070A81FF05D41005F2E76 /* MacChat */,
			);
		};
/* End PBXProject section */

/* Begin PBXResourcesBuildPhase section */
		187070A71FF05D41005F2E76 /* Resources */ = {
			isa = PBXResourcesBuildPhase;
			buildActionMask = 2147483647;
			files = (
				187070B11FF05D41005F2E76 /* Assets.xcassets in Resources */,
				18A8A4B31FF2865D00762278 /* ModalLogin.xib in Resources */,
				187070B41FF05D41005F2E76 /* Main.storyboard in Resources */,
			);
			runOnlyForDeploymentPostprocessing = 0;
		};
/* End PBXResourcesBuildPhase section */

/* Begin PBXSourcesBuildPhase section */
		187070A51FF05D41005F2E76 /* Sources */ = {
			isa = PBXSourcesBuildPhase;
			buildActionMask = 2147483647;
			files = (
				187070C41FF05F56005F2E76 /* ChatVC.swift in Sources */,
				18A8A4B51FF2868F00762278 /* ModalLogin.swift in Sources */,
				187070C01FF05F34005F2E76 /* ToolbarVC.swift in Sources */,
				187070C21FF05F47005F2E76 /* ChannelVC.swift in Sources */,
				187070AD1FF05D41005F2E76 /* AppDelegate.swift in Sources */,
				18A8A4B01FF2749C00762278 /* ClickBlockingView.swift in Sources */,
				187070C61FF065C8005F2E76 /* MainWindowController.swift in Sources */,
				187070C91FF06670005F2E76 /* Constants.swift in Sources */,
				18D23EE71FF1B10B00229153 /* NSButton.swift in Sources */,
			);
			runOnlyForDeploymentPostprocessing = 0;
		};
/* End PBXSourcesBuildPhase section */

/* Begin PBXVariantGroup section */
		187070B21FF05D41005F2E76 /* Main.storyboard */ = {
			isa = PBXVariantGroup;
			children = (
				187070B31FF05D41005F2E76 /* Base */,
			);
			name = Main.storyboard;
			sourceTree = "<group>";
		};
/* End PBXVariantGroup section */

/* Begin XCBuildConfiguration section */
		187070B71FF05D41005F2E76 /* Debug */ = {
			isa = XCBuildConfiguration;
			buildSettings = {
				ALWAYS_SEARCH_USER_PATHS = NO;
				CLANG_ANALYZER_NONNULL = YES;
				CLANG_ANALYZER_NUMBER_OBJECT_CONVERSION = YES_AGGRESSIVE;
				CLANG_CXX_LANGUAGE_STANDARD = "gnu++14";
				CLANG_CXX_LIBRARY = "libc++";
				CLANG_ENABLE_MODULES = YES;
				CLANG_ENABLE_OBJC_ARC = YES;
				CLANG_WARN_BLOCK_CAPTURE_AUTORELEASING = YES;
				CLANG_WARN_BOOL_CONVERSION = YES;
				CLANG_WARN_COMMA = YES;
				CLANG_WARN_CONSTANT_CONVERSION = YES;
				CLANG_WARN_DIRECT_OBJC_ISA_USAGE = YES_ERROR;
				CLANG_WARN_DOCUMENTATION_COMMENTS = YES;
				CLANG_WARN_EMPTY_BODY = YES;
				CLANG_WARN_ENUM_CONVERSION = YES;
				CLANG_WARN_INFINITE_RECURSION = YES;
				CLANG_WARN_INT_CONVERSION = YES;
				CLANG_WARN_NON_LITERAL_NULL_CONVERSION = YES;
				CLANG_WARN_OBJC_LITERAL_CONVERSION = YES;
				CLANG_WARN_OBJC_ROOT_CLASS = YES_ERROR;
				CLANG_WARN_RANGE_LOOP_ANALYSIS = YES;
				CLANG_WARN_STRICT_PROTOTYPES = YES;
				CLANG_WARN_SUSPICIOUS_MOVE = YES;
				CLANG_WARN_UNGUARDED_AVAILABILITY = YES_AGGRESSIVE;
				CLANG_WARN_UNREACHABLE_CODE = YES;
				CLANG_WARN__DUPLICATE_METHOD_MATCH = YES;
				CODE_SIGN_IDENTITY = "Mac Developer";
				COPY_PHASE_STRIP = NO;
				DEBUG_INFORMATION_FORMAT = dwarf;
				ENABLE_STRICT_OBJC_MSGSEND = YES;
				ENABLE_TESTABILITY = YES;
				GCC_C_LANGUAGE_STANDARD = gnu11;
				GCC_DYNAMIC_NO_PIC = NO;
				GCC_NO_COMMON_BLOCKS = YES;
				GCC_OPTIMIZATION_LEVEL = 0;
				GCC_PREPROCESSOR_DEFINITIONS = (
					"DEBUG=1",
					"$(inherited)",
				);
				GCC_WARN_64_TO_32_BIT_CONVERSION = YES;
				GCC_WARN_ABOUT_RETURN_TYPE = YES_ERROR;
				GCC_WARN_UNDECLARED_SELECTOR = YES;
				GCC_WARN_UNINITIALIZED_AUTOS = YES_AGGRESSIVE;
				GCC_WARN_UNUSED_FUNCTION = YES;
				GCC_WARN_UNUSED_VARIABLE = YES;
				MACOSX_DEPLOYMENT_TARGET = 10.13;
				MTL_ENABLE_DEBUG_INFO = YES;
				ONLY_ACTIVE_ARCH = YES;
				SDKROOT = macosx;
				SWIFT_ACTIVE_COMPILATION_CONDITIONS = DEBUG;
				SWIFT_OPTIMIZATION_LEVEL = "-Onone";
			};
			name = Debug;
		};
		187070B81FF05D41005F2E76 /* Release */ = {
			isa = XCBuildConfiguration;
			buildSettings = {
				ALWAYS_SEARCH_USER_PATHS = NO;
				CLANG_ANALYZER_NONNULL = YES;
				CLANG_ANALYZER_NUMBER_OBJECT_CONVERSION = YES_AGGRESSIVE;
				CLANG_CXX_LANGUAGE_STANDARD = "gnu++14";
				CLANG_CXX_LIBRARY = "libc++";
				CLANG_ENABLE_MODULES = YES;
				CLANG_ENABLE_OBJC_ARC = YES;
				CLANG_WARN_BLOCK_CAPTURE_AUTORELEASING = YES;
				CLANG_WARN_BOOL_CONVERSION = YES;
				CLANG_WARN_COMMA = YES;
				CLANG_WARN_CONSTANT_CONVERSION = YES;
				CLANG_WARN_DIRECT_OBJC_ISA_USAGE = YES_ERROR;
				CLANG_WARN_DOCUMENTATION_COMMENTS = YES;
				CLANG_WARN_EMPTY_BODY = YES;
				CLANG_WARN_ENUM_CONVERSION = YES;
				CLANG_WARN_INFINITE_RECURSION = YES;
				CLANG_WARN_INT_CONVERSION = YES;
				CLANG_WARN_NON_LITERAL_NULL_CONVERSION = YES;
				CLANG_WARN_OBJC_LITERAL_CONVERSION = YES;
				CLANG_WARN_OBJC_ROOT_CLASS = YES_ERROR;
				CLANG_WARN_RANGE_LOOP_ANALYSIS = YES;
				CLANG_WARN_STRICT_PROTOTYPES = YES;
				CLANG_WARN_SUSPICIOUS_MOVE = YES;
				CLANG_WARN_UNGUARDED_AVAILABILITY = YES_AGGRESSIVE;
				CLANG_WARN_UNREACHABLE_CODE = YES;
				CLANG_WARN__DUPLICATE_METHOD_MATCH = YES;
				CODE_SIGN_IDENTITY = "Mac Developer";
				COPY_PHASE_STRIP = NO;
				DEBUG_INFORMATION_FORMAT = "dwarf-with-dsym";
				ENABLE_NS_ASSERTIONS = NO;
				ENABLE_STRICT_OBJC_MSGSEND = YES;
				GCC_C_LANGUAGE_STANDARD = gnu11;
				GCC_NO_COMMON_BLOCKS = YES;
				GCC_WARN_64_TO_32_BIT_CONVERSION = YES;
				GCC_WARN_ABOUT_RETURN_TYPE = YES_ERROR;
				GCC_WARN_UNDECLARED_SELECTOR = YES;
				GCC_WARN_UNINITIALIZED_AUTOS = YES_AGGRESSIVE;
				GCC_WARN_UNUSED_FUNCTION = YES;
				GCC_WARN_UNUSED_VARIABLE = YES;
				MACOSX_DEPLOYMENT_TARGET = 10.13;
				MTL_ENABLE_DEBUG_INFO = NO;
				SDKROOT = macosx;
				SWIFT_OPTIMIZATION_LEVEL = "-Owholemodule";
			};
			name = Release;
		};
		187070BA1FF05D41005F2E76 /* Debug */ = {
			isa = XCBuildConfiguration;
			buildSettings = {
				ASSETCATALOG_COMPILER_APPICON_NAME = AppIcon;
				CODE_SIGN_ENTITLEMENTS = MacChat/MacChat.entitlements;
				CODE_SIGN_STYLE = Automatic;
				COMBINE_HIDPI_IMAGES = YES;
				DEVELOPMENT_TEAM = 68T9DHR6UY;
				INFOPLIST_FILE = MacChat/Info.plist;
				LD_RUNPATH_SEARCH_PATHS = "$(inherited) @executable_path/../Frameworks";
				PRODUCT_BUNDLE_IDENTIFIER = com.IanRussellBrown.MacChat;
				PRODUCT_NAME = "$(TARGET_NAME)";
				SWIFT_VERSION = 4.0;
			};
			name = Debug;
		};
		187070BB1FF05D41005F2E76 /* Release */ = {
			isa = XCBuildConfiguration;
			buildSettings = {
				ASSETCATALOG_COMPILER_APPICON_NAME = AppIcon;
				CODE_SIGN_ENTITLEMENTS = MacChat/MacChat.entitlements;
				CODE_SIGN_STYLE = Automatic;
				COMBINE_HIDPI_IMAGES = YES;
				DEVELOPMENT_TEAM = 68T9DHR6UY;
				INFOPLIST_FILE = MacChat/Info.plist;
				LD_RUNPATH_SEARCH_PATHS = "$(inherited) @executable_path/../Frameworks";
				PRODUCT_BUNDLE_IDENTIFIER = com.IanRussellBrown.MacChat;
				PRODUCT_NAME = "$(TARGET_NAME)";
				SWIFT_VERSION = 4.0;
			};
			name = Release;
		};
/* End XCBuildConfiguration section */

/* Begin XCConfigurationList section */
		187070A41FF05D41005F2E76 /* Build configuration list for PBXProject "MacChat" */ = {
			isa = XCConfigurationList;
			buildConfigurations = (
				187070B71FF05D41005F2E76 /* Debug */,
				187070B81FF05D41005F2E76 /* Release */,
			);
			defaultConfigurationIsVisible = 0;
			defaultConfigurationName = Release;
		};
		187070B91FF05D41005F2E76 /* Build configuration list for PBXNativeTarget "MacChat" */ = {
			isa = XCConfigurationList;
			buildConfigurations = (
				187070BA1FF05D41005F2E76 /* Debug */,
				187070BB1FF05D41005F2E76 /* Release */,
			);
			defaultConfigurationIsVisible = 0;
			defaultConfigurationName = Release;
		};
/* End XCConfigurationList section */
	};
	rootObject = 187070A11FF05D41005F2E76 /* Project object */;
}
